
Microsoft Visual Studio Solution File, Format Version 12.00
# Visual Studio Version 16
VisualStudioVersion = 16.0.29609.76
MinimumVisualStudioVersion = 10.0.40219.1
Project("{FAE04EC0-301F-11D3-BF4B-00C04F79EFBC}") = "MyToDoes", "MyToDoes\MyToDoes.csproj", "{26692C08-B7E1-4677-A0A3-210DCA08BF17}"
EndProject
Global
	GlobalSection(SolutionConfigurationPlatforms) = preSolution
		Debug|Any CPU = Debug|Any CPU
		Release|Any CPU = Release|Any CPU
	EndGlobalSection
	GlobalSection(ProjectConfigurationPlatforms) = postSolution
		{26692C08-B7E1-4677-A0A3-210DCA08BF17}.Debug|Any CPU.ActiveCfg = Debug|Any CPU
		{26692C08-B7E1-4677-A0A3-210DCA08BF17}.Debug|Any CPU.Build.0 = Debug|Any CPU
		{26692C08-B7E1-4677-A0A3-210DCA08BF17}.Release|Any CPU.ActiveCfg = Release|Any CPU
		{26692C08-B7E1-4677-A0A3-210DCA08BF17}.Release|Any CPU.Build.0 = Release|Any CPU
	EndGlobalSection
	GlobalSection(SolutionProperties) = preSolution
		HideSolutionNode = FALSE
	EndGlobalSection
	GlobalSection(ExtensibilityGlobals) = postSolution
		SolutionGuid = {9E90710B-BA7D-4456-BFD2-3A0CB3543769}
	EndGlobalSection
EndGlobal
